Microsoft Visual Studio Solution File, Format Version 12.00
# Visual Studio Version 17
VisualStudioVersion = 17.5.2.0
MinimumVisualStudioVersion = 10.0.40219.1
Project("{FAE04EC0-301F-11D3-BF4B-00C04F79EFBC}") = "ShopService.APIService", "ShopService.APIService\ShopService.APIService.csproj", "{A1B2C3D4-E5F6-7890-AB12-CD34EF567890}"
EndProject
Project("{FAE04EC0-301F-11D3-BF4B-00C04F79EFBC}") = "ShopService.Domain", "ShopService.Domain\ShopService.Domain.csproj", "{4C7374A0-F63D-4141-BEAD-3BD20EAF83C2}"
EndProject
Project("{FAE04EC0-301F-11D3-BF4B-00C04F79EFBC}") = "ShopService.Application", "ShopService.Application\ShopService.Application.csproj", "{EAFA4AEA-A711-4E9B-8D14-54B261973B2A}"
EndProject
Project("{FAE04EC0-301F-11D3-BF4B-00C04F79EFBC}") = "ShopService.Infrastructure", "ShopService.Infrastructure\ShopService.Infrastructure.csproj", "{95878572-F259-4026-AB48-3575BC82E6B7}"
EndProject
Global
	GlobalSection(SolutionConfigurationPlatforms) = preSolution
		Debug|Any CPU = Debug|Any CPU
		Release|Any CPU = Release|Any CPU
	EndGlobalSection
	GlobalSection(ProjectConfigurationPlatforms) = postSolution
		{A1B2C3D4-E5F6-7890-AB12-CD34EF567890}.Debug|Any CPU.ActiveCfg = Debug|Any CPU
		{A1B2C3D4-E5F6-7890-AB12-CD34EF567890}.Debug|Any CPU.Build.0 = Debug|Any CPU
		{A1B2C3D4-E5F6-7890-AB12-CD34EF567890}.Release|Any CPU.ActiveCfg = Release|Any CPU
		{A1B2C3D4-E5F6-7890-AB12-CD34EF567890}.Release|Any CPU.Build.0 = Release|Any CPU
		{4C7374A0-F63D-4141-BEAD-3BD20EAF83C2}.Debug|Any CPU.ActiveCfg = Debug|Any CPU
		{4C7374A0-F63D-4141-BEAD-3BD20EAF83C2}.Debug|Any CPU.Build.0 = Debug|Any CPU
		{4C7374A0-F63D-4141-BEAD-3BD20EAF83C2}.Release|Any CPU.ActiveCfg = Release|Any CPU
		{4C7374A0-F63D-4141-BEAD-3BD20EAF83C2}.Release|Any CPU.Build.0 = Release|Any CPU
		{EAFA4AEA-A711-4E9B-8D14-54B261973B2A}.Debug|Any CPU.ActiveCfg = Debug|Any CPU
		{EAFA4AEA-A711-4E9B-8D14-54B261973B2A}.Debug|Any CPU.Build.0 = Debug|Any CPU
		{EAFA4AEA-A711-4E9B-8D14-54B261973B2A}.Release|Any CPU.ActiveCfg = Release|Any CPU
		{EAFA4AEA-A711-4E9B-8D14-54B261973B2A}.Release|Any CPU.Build.0 = Release|Any CPU
		{95878572-F259-4026-AB48-3575BC82E6B7}.Debug|Any CPU.ActiveCfg = Debug|Any CPU
		{95878572-F259-4026-AB48-3575BC82E6B7}.Debug|Any CPU.Build.0 = Debug|Any CPU
		{95878572-F259-4026-AB48-3575BC82E6B7}.Release|Any CPU.ActiveCfg = Release|Any CPU
		{95878572-F259-4026-AB48-3575BC82E6B7}.Release|Any CPU.Build.0 = Release|Any CPU
	EndGlobalSection
	GlobalSection(SolutionProperties) = preSolution
		HideSolutionNode = FALSE
	EndGlobalSection
	GlobalSection(ExtensibilityGlobals) = postSolution
		SolutionGuid = {E5F6A7B8-C9D0-1234-EF56-GH78IJ901234}
	EndGlobalSection
EndGlobal
