Microsoft Visual Studio Solution File, Format Version 12.00
# Visual Studio Version 17
VisualStudioVersion = 17.5.2.0
MinimumVisualStudioVersion = 10.0.40219.1
Project("{FAE04EC0-301F-11D3-BF4B-00C04F79EFBC}") = "AccountService.APIService", "AccountService.APIService\AccountService.APIService.csproj", "{B205EAA6-C497-4F0F-F1E8-0B91CEEE0E8A}"
EndProject
Project("{FAE04EC0-301F-11D3-BF4B-00C04F79EFBC}") = "AccountService.Common", "AccountService.Common\AccountService.Common.csproj", "{D30F4EA1-D5E3-706A-E925-C332D499A659}"
EndProject
Project("{FAE04EC0-301F-11D3-BF4B-00C04F79EFBC}") = "AccountService.Repositories", "AccountService.Repositories\AccountService.Repositories.csproj", "{BCF3D0AB-F6D8-3898-FC5A-F733B85B6EF5}"
EndProject
Project("{FAE04EC0-301F-11D3-BF4B-00C04F79EFBC}") = "AccountService.Services", "AccountService.Services\AccountService.Services.csproj", "{70C16379-CA2A-7F78-2418-BD9FF5C72097}"
EndProject
Global
	GlobalSection(SolutionConfigurationPlatforms) = preSolution
		Debug|Any CPU = Debug|Any CPU
		Release|Any CPU = Release|Any CPU
	EndGlobalSection
	GlobalSection(ProjectConfigurationPlatforms) = postSolution
		{B205EAA6-C497-4F0F-F1E8-0B91CEEE0E8A}.Debug|Any CPU.ActiveCfg = Debug|Any CPU
		{B205EAA6-C497-4F0F-F1E8-0B91CEEE0E8A}.Debug|Any CPU.Build.0 = Debug|Any CPU
		{B205EAA6-C497-4F0F-F1E8-0B91CEEE0E8A}.Release|Any CPU.ActiveCfg = Release|Any CPU
		{B205EAA6-C497-4F0F-F1E8-0B91CEEE0E8A}.Release|Any CPU.Build.0 = Release|Any CPU
		{D30F4EA1-D5E3-706A-E925-C332D499A659}.Debug|Any CPU.ActiveCfg = Debug|Any CPU
		{D30F4EA1-D5E3-706A-E925-C332D499A659}.Debug|Any CPU.Build.0 = Debug|Any CPU
		{D30F4EA1-D5E3-706A-E925-C332D499A659}.Release|Any CPU.ActiveCfg = Release|Any CPU
		{D30F4EA1-D5E3-706A-E925-C332D499A659}.Release|Any CPU.Build.0 = Release|Any CPU
		{BCF3D0AB-F6D8-3898-FC5A-F733B85B6EF5}.Debug|Any CPU.ActiveCfg = Debug|Any CPU
		{BCF3D0AB-F6D8-3898-FC5A-F733B85B6EF5}.Debug|Any CPU.Build.0 = Debug|Any CPU
		{BCF3D0AB-F6D8-3898-FC5A-F733B85B6EF5}.Release|Any CPU.ActiveCfg = Release|Any CPU
		{BCF3D0AB-F6D8-3898-FC5A-F733B85B6EF5}.Release|Any CPU.Build.0 = Release|Any CPU
		{70C16379-CA2A-7F78-2418-BD9FF5C72097}.Debug|Any CPU.ActiveCfg = Debug|Any CPU
		{70C16379-CA2A-7F78-2418-BD9FF5C72097}.Debug|Any CPU.Build.0 = Debug|Any CPU
		{70C16379-CA2A-7F78-2418-BD9FF5C72097}.Release|Any CPU.ActiveCfg = Release|Any CPU
		{70C16379-CA2A-7F78-2418-BD9FF5C72097}.Release|Any CPU.Build.0 = Release|Any CPU
	EndGlobalSection
	GlobalSection(SolutionProperties) = preSolution
		HideSolutionNode = FALSE
	EndGlobalSection
	GlobalSection(ExtensibilityGlobals) = postSolution
		SolutionGuid = {C2440DC5-C759-4262-8ABD-3119368D2843}
	EndGlobalSection
EndGlobal
